
Microsoft Visual Studio Solution File, Format Version 12.00
# Visual Studio Version 16
VisualStudioVersion = 16.0.30907.101
MinimumVisualStudioVersion = 10.0.40219.1
Project("{FAE04EC0-301F-11D3-BF4B-00C04F79EFBC}") = "Quadax Exercise", "Quadax Exercise.csproj", "{9FC1948B-8534-4652-BD4D-6190633EDA0A}"
EndProject
Global
	GlobalSection(SolutionConfigurationPlatforms) = preSolution
		Debug|Any CPU = Debug|Any CPU
		Release|Any CPU = Release|Any CPU
	EndGlobalSection
	GlobalSection(ProjectConfigurationPlatforms) = postSolution
		{9FC1948B-8534-4652-BD4D-6190633EDA0A}.Debug|Any CPU.ActiveCfg = Debug|Any CPU
		{9FC1948B-8534-4652-BD4D-6190633EDA0A}.Debug|Any CPU.Build.0 = Debug|Any CPU
		{9FC1948B-8534-4652-BD4D-6190633EDA0A}.Release|Any CPU.ActiveCfg = Release|Any CPU
		{9FC1948B-8534-4652-BD4D-6190633EDA0A}.Release|Any CPU.Build.0 = Release|Any CPU
	EndGlobalSection
	GlobalSection(SolutionProperties) = preSolution
		HideSolutionNode = FALSE
	EndGlobalSection
	GlobalSection(ExtensibilityGlobals) = postSolution
		SolutionGuid = {D8C01D0B-6D30-4981-B8F6-F853BDD73C31}
	EndGlobalSection
EndGlobal
